{
    "_readme": [
        "This file locks the dependencies of your project to a known state",
        "Read more about it at https://getcomposer.org/doc/01-basic-usage.md#installing-dependencies",
        "This file is @generated automatically"
    ],
    "content-hash": "5eba825f4e2b590846a3246f797f75b8",
    "packages": [],
    "packages-dev": [],
    "aliases": [],
    "minimum-stability": "stable",
    "stability-flags": [],
    "prefer-stable": false,
    "prefer-lowest": false,
    "platform": {
        "ext-mysqli": "*",
        "ext-simplexml": "*",
        "ext-dom": "*"
    },
    "platform-dev": [],
    "plugin-api-version": "2.2.0"
}
